// !$*UTF8*$!
{
	archiveVersion = 1;
	classes = {
	};
	objectVersion = 55;
	objects = {

/* Begin PBXBuildFile section */
		8326C80627EA1955009DB2EF /* Tournament.swift in Sources */ = {isa = PBXBuildFile; fileRef = 8326C80527EA1955009DB2EF /* Tournament.swift */; };
		8326C80F27EA2281009DB2EF /* StartViewModel.swift in Sources */ = {isa = PBXBuildFile; fileRef = 8326C80E27EA2281009DB2EF /* StartViewModel.swift */; };
		8326C81227EA2D63009DB2EF /* FirstStepViewController.swift in Sources */ = {isa = PBXBuildFile; fileRef = 8326C81127EA2D63009DB2EF /* FirstStepViewController.swift */; };
		8326C81427EA2D83009DB2EF /* FirstStepView.swift in Sources */ = {isa = PBXBuildFile; fileRef = 8326C81327EA2D83009DB2EF /* FirstStepView.swift */; };
		8341970B27DE8B8100EA284A /* AppDelegate.swift in Sources */ = {isa = PBXBuildFile; fileRef = 8341970A27DE8B8100EA284A /* AppDelegate.swift */; };
		8341970F27DE8B8100EA284A /* StartViewController.swift in Sources */ = {isa = PBXBuildFile; fileRef = 8341970E27DE8B8100EA284A /* StartViewController.swift */; };
		8341971427DE8B8600EA284A /* Assets.xcassets in Resources */ = {isa = PBXBuildFile; fileRef = 8341971327DE8B8600EA284A /* Assets.xcassets */; };
		8341971727DE8B8600EA284A /* LaunchScreen.storyboard in Resources */ = {isa = PBXBuildFile; fileRef = 8341971527DE8B8600EA284A /* LaunchScreen.storyboard */; };
		8389EFC627DF0F2D00BF24D8 /* ProgrammaticView.swift in Sources */ = {isa = PBXBuildFile; fileRef = 8389EFC527DF0F2D00BF24D8 /* ProgrammaticView.swift */; };
		8389EFCD27DF0F7600BF24D8 /* StartView.swift in Sources */ = {isa = PBXBuildFile; fileRef = 8389EFCC27DF0F7600BF24D8 /* StartView.swift */; };
		8389EFD127DF101100BF24D8 /* SnapKit in Frameworks */ = {isa = PBXBuildFile; productRef = 8389EFD027DF101100BF24D8 /* SnapKit */; };
		8397FA6E27E508EF00234E02 /* HTTPRequestManager.swift in Sources */ = {isa = PBXBuildFile; fileRef = 8397FA6D27E508EF00234E02 /* HTTPRequestManager.swift */; };
		8397FA7027E5096500234E02 /* HTTP.swift in Sources */ = {isa = PBXBuildFile; fileRef = 8397FA6F27E5096500234E02 /* HTTP.swift */; };
		8397FA7227E509A000234E02 /* DataInstantiable.swift in Sources */ = {isa = PBXBuildFile; fileRef = 8397FA7127E509A000234E02 /* DataInstantiable.swift */; };
		8397FA7527E50A4100234E02 /* Reachability in Frameworks */ = {isa = PBXBuildFile; productRef = 8397FA7427E50A4100234E02 /* Reachability */; };
		8397FA7727E50BF200234E02 /* Log.swift in Sources */ = {isa = PBXBuildFile; fileRef = 8397FA7627E50BF200234E02 /* Log.swift */; };
		8397FA7927E50C4A00234E02 /* ReachibilityManager.swift in Sources */ = {isa = PBXBuildFile; fileRef = 8397FA7827E50C4A00234E02 /* ReachibilityManager.swift */; };
		8397FA7B27E50C6400234E02 /* URLCovertible.swift in Sources */ = {isa = PBXBuildFile; fileRef = 8397FA7A27E50C6400234E02 /* URLCovertible.swift */; };
		8397FA7D27E50C7300234E02 /* DataConvertible.swift in Sources */ = {isa = PBXBuildFile; fileRef = 8397FA7C27E50C7300234E02 /* DataConvertible.swift */; };
		8397FA7F27E50D4700234E02 /* Data+DataInstantiable.swift in Sources */ = {isa = PBXBuildFile; fileRef = 8397FA7E27E50D4700234E02 /* Data+DataInstantiable.swift */; };
		8397FA8127E50D5100234E02 /* Dictionary+DataInstantiable.swift in Sources */ = {isa = PBXBuildFile; fileRef = 8397FA8027E50D5100234E02 /* Dictionary+DataInstantiable.swift */; };
		8397FA8327E50D5900234E02 /* Dictionary+Merge.swift in Sources */ = {isa = PBXBuildFile; fileRef = 8397FA8227E50D5900234E02 /* Dictionary+Merge.swift */; };
		8397FA8527E50D6300234E02 /* EndPoint.swift in Sources */ = {isa = PBXBuildFile; fileRef = 8397FA8427E50D6300234E02 /* EndPoint.swift */; };
		8397FA8727E50D6D00234E02 /* EndPointBody.swift in Sources */ = {isa = PBXBuildFile; fileRef = 8397FA8627E50D6D00234E02 /* EndPointBody.swift */; };
		8397FA8927E50D7E00234E02 /* Serializer.swift in Sources */ = {isa = PBXBuildFile; fileRef = 8397FA8827E50D7E00234E02 /* Serializer.swift */; };
		8397FA8B27E50EB700234E02 /* NetworkService.swift in Sources */ = {isa = PBXBuildFile; fileRef = 8397FA8A27E50EB700234E02 /* NetworkService.swift */; };
		8397FA8D27E50F7A00234E02 /* TournamentsEndPoint.swift in Sources */ = {isa = PBXBuildFile; fileRef = 8397FA8C27E50F7A00234E02 /* TournamentsEndPoint.swift */; };
		8397FA8F27E50FA400234E02 /* TournamentsService.swift in Sources */ = {isa = PBXBuildFile; fileRef = 8397FA8E27E50FA400234E02 /* TournamentsService.swift */; };
/* End PBXBuildFile section */

/* Begin PBXFileReference section */
		8326C80527EA1955009DB2EF /* Tournament.swift */ = {isa = PBXFileReference; lastKnownFileType = sourcecode.swift; path = Tournament.swift; sourceTree = "<group>"; };
		8326C80E27EA2281009DB2EF /* StartViewModel.swift */ = {isa = PBXFileReference; lastKnownFileType = sourcecode.swift; path = StartViewModel.swift; sourceTree = "<group>"; };
		8326C81127EA2D63009DB2EF /* FirstStepViewController.swift */ = {isa = PBXFileReference; lastKnownFileType = sourcecode.swift; path = FirstStepViewController.swift; sourceTree = "<group>"; };
		8326C81327EA2D83009DB2EF /* FirstStepView.swift */ = {isa = PBXFileReference; lastKnownFileType = sourcecode.swift; path = FirstStepView.swift; sourceTree = "<group>"; };
		8341970727DE8B8100EA284A /* Challonge.app */ = {isa = PBXFileReference; explicitFileType = wrapper.application; includeInIndex = 0; path = Challonge.app; sourceTree = BUILT_PRODUCTS_DIR; };
		8341970A27DE8B8100EA284A /* AppDelegate.swift */ = {isa = PBXFileReference; lastKnownFileType = sourcecode.swift; path = AppDelegate.swift; sourceTree = "<group>"; };
		8341970E27DE8B8100EA284A /* StartViewController.swift */ = {isa = PBXFileReference; lastKnownFileType = sourcecode.swift; path = StartViewController.swift; sourceTree = "<group>"; };
		8341971327DE8B8600EA284A /* Assets.xcassets */ = {isa = PBXFileReference; lastKnownFileType = folder.assetcatalog; path = Assets.xcassets; sourceTree = "<group>"; };
		8341971627DE8B8600EA284A /* Base */ = {isa = PBXFileReference; lastKnownFileType = file.storyboard; name = Base; path = Base.lproj/LaunchScreen.storyboard; sourceTree = "<group>"; };
		8341971827DE8B8600EA284A /* Info.plist */ = {isa = PBXFileReference; lastKnownFileType = text.plist.xml; path = Info.plist; sourceTree = "<group>"; };
		8389EFC527DF0F2D00BF24D8 /* ProgrammaticView.swift */ = {isa = PBXFileReference; lastKnownFileType = sourcecode.swift; path = ProgrammaticView.swift; sourceTree = "<group>"; };
		8389EFCC27DF0F7600BF24D8 /* StartView.swift */ = {isa = PBXFileReference; lastKnownFileType = sourcecode.swift; path = StartView.swift; sourceTree = "<group>"; };
		8397FA6D27E508EF00234E02 /* HTTPRequestManager.swift */ = {isa = PBXFileReference; lastKnownFileType = sourcecode.swift; path = HTTPRequestManager.swift; sourceTree = "<group>"; };
		8397FA6F27E5096500234E02 /* HTTP.swift */ = {isa = PBXFileReference; lastKnownFileType = sourcecode.swift; path = HTTP.swift; sourceTree = "<group>"; };
		8397FA7127E509A000234E02 /* DataInstantiable.swift */ = {isa = PBXFileReference; lastKnownFileType = sourcecode.swift; path = DataInstantiable.swift; sourceTree = "<group>"; };
		8397FA7627E50BF200234E02 /* Log.swift */ = {isa = PBXFileReference; lastKnownFileType = sourcecode.swift; path = Log.swift; sourceTree = "<group>"; };
		8397FA7827E50C4A00234E02 /* ReachibilityManager.swift */ = {isa = PBXFileReference; lastKnownFileType = sourcecode.swift; path = ReachibilityManager.swift; sourceTree = "<group>"; };
		8397FA7A27E50C6400234E02 /* URLCovertible.swift */ = {isa = PBXFileReference; lastKnownFileType = sourcecode.swift; path = URLCovertible.swift; sourceTree = "<group>"; };
		8397FA7C27E50C7300234E02 /* DataConvertible.swift */ = {isa = PBXFileReference; lastKnownFileType = sourcecode.swift; path = DataConvertible.swift; sourceTree = "<group>"; };
		8397FA7E27E50D4700234E02 /* Data+DataInstantiable.swift */ = {isa = PBXFileReference; lastKnownFileType = sourcecode.swift; path = "Data+DataInstantiable.swift"; sourceTree = "<group>"; };
		8397FA8027E50D5100234E02 /* Dictionary+DataInstantiable.swift */ = {isa = PBXFileReference; lastKnownFileType = sourcecode.swift; path = "Dictionary+DataInstantiable.swift"; sourceTree = "<group>"; };
		8397FA8227E50D5900234E02 /* Dictionary+Merge.swift */ = {isa = PBXFileReference; lastKnownFileType = sourcecode.swift; path = "Dictionary+Merge.swift"; sourceTree = "<group>"; };
		8397FA8427E50D6300234E02 /* EndPoint.swift */ = {isa = PBXFileReference; lastKnownFileType = sourcecode.swift; path = EndPoint.swift; sourceTree = "<group>"; };
		8397FA8627E50D6D00234E02 /* EndPointBody.swift */ = {isa = PBXFileReference; lastKnownFileType = sourcecode.swift; path = EndPointBody.swift; sourceTree = "<group>"; };
		8397FA8827E50D7E00234E02 /* Serializer.swift */ = {isa = PBXFileReference; lastKnownFileType = sourcecode.swift; path = Serializer.swift; sourceTree = "<group>"; };
		8397FA8A27E50EB700234E02 /* NetworkService.swift */ = {isa = PBXFileReference; lastKnownFileType = sourcecode.swift; path = NetworkService.swift; sourceTree = "<group>"; };
		8397FA8C27E50F7A00234E02 /* TournamentsEndPoint.swift */ = {isa = PBXFileReference; lastKnownFileType = sourcecode.swift; path = TournamentsEndPoint.swift; sourceTree = "<group>"; };
		8397FA8E27E50FA400234E02 /* TournamentsService.swift */ = {isa = PBXFileReference; lastKnownFileType = sourcecode.swift; path = TournamentsService.swift; sourceTree = "<group>"; };
/* End PBXFileReference section */

/* Begin PBXFrameworksBuildPhase section */
		8341970427DE8B8100EA284A /* Frameworks */ = {
			isa = PBXFrameworksBuildPhase;
			buildActionMask = 2147483647;
			files = (
				8389EFD127DF101100BF24D8 /* SnapKit in Frameworks */,
				8397FA7527E50A4100234E02 /* Reachability in Frameworks */,
			);
			runOnlyForDeploymentPostprocessing = 0;
		};
/* End PBXFrameworksBuildPhase section */

/* Begin PBXGroup section */
		8326C80727EA1F82009DB2EF /* Networking */ = {
			isa = PBXGroup;
			children = (
				8326C80B27EA204A009DB2EF /* API */,
				8326C80A27EA2014009DB2EF /* Base Layer */,
				8326C80927EA1FC9009DB2EF /* Extensions */,
				8326C80827EA1FAB009DB2EF /* Protocols */,
			);
			path = Networking;
			sourceTree = "<group>";
		};
		8326C80827EA1FAB009DB2EF /* Protocols */ = {
			isa = PBXGroup;
			children = (
				8397FA7127E509A000234E02 /* DataInstantiable.swift */,
				8397FA7A27E50C6400234E02 /* URLCovertible.swift */,
				8397FA7C27E50C7300234E02 /* DataConvertible.swift */,
			);
			path = Protocols;
			sourceTree = "<group>";
		};
		8326C80927EA1FC9009DB2EF /* Extensions */ = {
			isa = PBXGroup;
			children = (
				8397FA8227E50D5900234E02 /* Dictionary+Merge.swift */,
				8397FA7E27E50D4700234E02 /* Data+DataInstantiable.swift */,
				8397FA8027E50D5100234E02 /* Dictionary+DataInstantiable.swift */,
			);
			path = Extensions;
			sourceTree = "<group>";
		};
		8326C80A27EA2014009DB2EF /* Base Layer */ = {
			isa = PBXGroup;
			children = (
				8397FA8627E50D6D00234E02 /* EndPointBody.swift */,
				8397FA8427E50D6300234E02 /* EndPoint.swift */,
				8397FA8A27E50EB700234E02 /* NetworkService.swift */,
				8397FA8827E50D7E00234E02 /* Serializer.swift */,
				8397FA7827E50C4A00234E02 /* ReachibilityManager.swift */,
				8397FA7627E50BF200234E02 /* Log.swift */,
				8397FA6F27E5096500234E02 /* HTTP.swift */,
				8397FA6D27E508EF00234E02 /* HTTPRequestManager.swift */,
			);
			path = "Base Layer";
			sourceTree = "<group>";
		};
		8326C80B27EA204A009DB2EF /* API */ = {
			isa = PBXGroup;
			children = (
				8397FA8E27E50FA400234E02 /* TournamentsService.swift */,
				8397FA8C27E50F7A00234E02 /* TournamentsEndPoint.swift */,
			);
			path = API;
			sourceTree = "<group>";
		};
		8326C80C27EA2078009DB2EF /* Model */ = {
			isa = PBXGroup;
			children = (
				8326C80527EA1955009DB2EF /* Tournament.swift */,
			);
			path = Model;
			sourceTree = "<group>";
		};
		8326C80D27EA21EE009DB2EF /* Start Screen */ = {
			isa = PBXGroup;
			children = (
				8389EFCC27DF0F7600BF24D8 /* StartView.swift */,
				8341970E27DE8B8100EA284A /* StartViewController.swift */,
				8326C80E27EA2281009DB2EF /* StartViewModel.swift */,
			);
			path = "Start Screen";
			sourceTree = "<group>";
		};
		8326C81027EA2CE4009DB2EF /* First Step */ = {
			isa = PBXGroup;
			children = (
				8326C81327EA2D83009DB2EF /* FirstStepView.swift */,
				8326C81127EA2D63009DB2EF /* FirstStepViewController.swift */,
			);
			path = "First Step";
			sourceTree = "<group>";
		};
		834196FE27DE8B8100EA284A = {
			isa = PBXGroup;
			children = (
				8341970927DE8B8100EA284A /* Challonge */,
				8341970827DE8B8100EA284A /* Products */,
			);
			sourceTree = "<group>";
		};
		8341970827DE8B8100EA284A /* Products */ = {
			isa = PBXGroup;
			children = (
				8341970727DE8B8100EA284A /* Challonge.app */,
			);
			name = Products;
			sourceTree = "<group>";
		};
		8341970927DE8B8100EA284A /* Challonge */ = {
			isa = PBXGroup;
			children = (
				8341971E27DE8BAA00EA284A /* UI */,
				8326C80C27EA2078009DB2EF /* Model */,
				8341971F27DE8BB700EA284A /* Utilities */,
				8341972027DE8BC300EA284A /* Resources */,
				8341972127DE8BF600EA284A /* Support */,
			);
			path = Challonge;
			sourceTree = "<group>";
		};
		8341971E27DE8BAA00EA284A /* UI */ = {
			isa = PBXGroup;
			children = (
				8326C80D27EA21EE009DB2EF /* Start Screen */,
				8326C81027EA2CE4009DB2EF /* First Step */,
			);
			path = UI;
			sourceTree = "<group>";
		};
		8341971F27DE8BB700EA284A /* Utilities */ = {
			isa = PBXGroup;
			children = (
				8389EFC527DF0F2D00BF24D8 /* ProgrammaticView.swift */,
				8326C80727EA1F82009DB2EF /* Networking */,
			);
			path = Utilities;
			sourceTree = "<group>";
		};
		8341972027DE8BC300EA284A /* Resources */ = {
			isa = PBXGroup;
			children = (
				8341971327DE8B8600EA284A /* Assets.xcassets */,
			);
			path = Resources;
			sourceTree = "<group>";
		};
		8341972127DE8BF600EA284A /* Support */ = {
			isa = PBXGroup;
			children = (
				8341971527DE8B8600EA284A /* LaunchScreen.storyboard */,
				8341970A27DE8B8100EA284A /* AppDelegate.swift */,
				8341971827DE8B8600EA284A /* Info.plist */,
			);
			path = Support;
			sourceTree = "<group>";
		};
/* End PBXGroup section */

/* Begin PBXNativeTarget section */
		8341970627DE8B8100EA284A /* Challonge */ = {
			isa = PBXNativeTarget;
			buildConfigurationList = 8341971B27DE8B8600EA284A /* Build configuration list for PBXNativeTarget "Challonge" */;
			buildPhases = (
				8341970327DE8B8100EA284A /* Sources */,
				8341970427DE8B8100EA284A /* Frameworks */,
				8341970527DE8B8100EA284A /* Resources */,
			);
			buildRules = (
			);
			dependencies = (
			);
			name = Challonge;
			packageProductDependencies = (
				8389EFD027DF101100BF24D8 /* SnapKit */,
				8397FA7427E50A4100234E02 /* Reachability */,
			);
			productName = Challonge;
			productReference = 8341970727DE8B8100EA284A /* Challonge.app */;
			productType = "com.apple.product-type.application";
		};
/* End PBXNativeTarget section */

/* Begin PBXProject section */
		834196FF27DE8B8100EA284A /* Project object */ = {
			isa = PBXProject;
			attributes = {
				BuildIndependentTargetsInParallel = 1;
				LastSwiftUpdateCheck = 1320;
				LastUpgradeCheck = 1320;
				TargetAttributes = {
					8341970627DE8B8100EA284A = {
						CreatedOnToolsVersion = 13.2.1;
					};
				};
			};
			buildConfigurationList = 8341970227DE8B8100EA284A /* Build configuration list for PBXProject "Challonge" */;
			compatibilityVersion = "Xcode 13.0";
			developmentRegion = en;
			hasScannedForEncodings = 0;
			knownRegions = (
				en,
				Base,
			);
			mainGroup = 834196FE27DE8B8100EA284A;
			packageReferences = (
				8389EFCF27DF101100BF24D8 /* XCRemoteSwiftPackageReference "SnapKit" */,
				8397FA7327E50A4100234E02 /* XCRemoteSwiftPackageReference "Reachability" */,
			);
			productRefGroup = 8341970827DE8B8100EA284A /* Products */;
			projectDirPath = "";
			projectRoot = "";
			targets = (
				8341970627DE8B8100EA284A /* Challonge */,
			);
		};
/* End PBXProject section */

/* Begin PBXResourcesBuildPhase section */
		8341970527DE8B8100EA284A /* Resources */ = {
			isa = PBXResourcesBuildPhase;
			buildActionMask = 2147483647;
			files = (
				8341971727DE8B8600EA284A /* LaunchScreen.storyboard in Resources */,
				8341971427DE8B8600EA284A /* Assets.xcassets in Resources */,
			);
			runOnlyForDeploymentPostprocessing = 0;
		};
/* End PBXResourcesBuildPhase section */

/* Begin PBXSourcesBuildPhase section */
		8341970327DE8B8100EA284A /* Sources */ = {
			isa = PBXSourcesBuildPhase;
			buildActionMask = 2147483647;
			files = (
				8326C80627EA1955009DB2EF /* Tournament.swift in Sources */,
				8397FA8F27E50FA400234E02 /* TournamentsService.swift in Sources */,
				8397FA7227E509A000234E02 /* DataInstantiable.swift in Sources */,
				8397FA6E27E508EF00234E02 /* HTTPRequestManager.swift in Sources */,
				8326C81227EA2D63009DB2EF /* FirstStepViewController.swift in Sources */,
				8389EFCD27DF0F7600BF24D8 /* StartView.swift in Sources */,
				8397FA7F27E50D4700234E02 /* Data+DataInstantiable.swift in Sources */,
				8397FA8B27E50EB700234E02 /* NetworkService.swift in Sources */,
				8397FA7D27E50C7300234E02 /* DataConvertible.swift in Sources */,
				8341970F27DE8B8100EA284A /* StartViewController.swift in Sources */,
				8397FA8D27E50F7A00234E02 /* TournamentsEndPoint.swift in Sources */,
				8397FA8327E50D5900234E02 /* Dictionary+Merge.swift in Sources */,
				8397FA7027E5096500234E02 /* HTTP.swift in Sources */,
				8326C81427EA2D83009DB2EF /* FirstStepView.swift in Sources */,
				8389EFC627DF0F2D00BF24D8 /* ProgrammaticView.swift in Sources */,
				8397FA8127E50D5100234E02 /* Dictionary+DataInstantiable.swift in Sources */,
				8397FA7727E50BF200234E02 /* Log.swift in Sources */,
				8397FA7927E50C4A00234E02 /* ReachibilityManager.swift in Sources */,
				8397FA8727E50D6D00234E02 /* EndPointBody.swift in Sources */,
				8397FA8527E50D6300234E02 /* EndPoint.swift in Sources */,
				8397FA7B27E50C6400234E02 /* URLCovertible.swift in Sources */,
				8397FA8927E50D7E00234E02 /* Serializer.swift in Sources */,
				8341970B27DE8B8100EA284A /* AppDelegate.swift in Sources */,
				8326C80F27EA2281009DB2EF /* StartViewModel.swift in Sources */,
			);
			runOnlyForDeploymentPostprocessing = 0;
		};
/* End PBXSourcesBuildPhase section */

/* Begin PBXVariantGroup section */
		8341971527DE8B8600EA284A /* LaunchScreen.storyboard */ = {
			isa = PBXVariantGroup;
			children = (
				8341971627DE8B8600EA284A /* Base */,
			);
			name = LaunchScreen.storyboard;
			sourceTree = "<group>";
		};
/* End PBXVariantGroup section */

/* Begin XCBuildConfiguration section */
		8341971927DE8B8600EA284A /* Debug */ = {
			isa = XCBuildConfiguration;
			buildSettings = {
				ALWAYS_SEARCH_USER_PATHS = NO;
				CLANG_ANALYZER_NONNULL = YES;
				CLANG_ANALYZER_NUMBER_OBJECT_CONVERSION = YES_AGGRESSIVE;
				CLANG_CXX_LANGUAGE_STANDARD = "gnu++17";
				CLANG_CXX_LIBRARY = "libc++";
				CLANG_ENABLE_MODULES = YES;
				CLANG_ENABLE_OBJC_ARC = YES;
				CLANG_ENABLE_OBJC_WEAK = YES;
				CLANG_WARN_BLOCK_CAPTURE_AUTORELEASING = YES;
				CLANG_WARN_BOOL_CONVERSION = YES;
				CLANG_WARN_COMMA = YES;
				CLANG_WARN_CONSTANT_CONVERSION = YES;
				CLANG_WARN_DEPRECATED_OBJC_IMPLEMENTATIONS = YES;
				CLANG_WARN_DIRECT_OBJC_ISA_USAGE = YES_ERROR;
				CLANG_WARN_DOCUMENTATION_COMMENTS = YES;
				CLANG_WARN_EMPTY_BODY = YES;
				CLANG_WARN_ENUM_CONVERSION = YES;
				CLANG_WARN_INFINITE_RECURSION = YES;
				CLANG_WARN_INT_CONVERSION = YES;
				CLANG_WARN_NON_LITERAL_NULL_CONVERSION = YES;
				CLANG_WARN_OBJC_IMPLICIT_RETAIN_SELF = YES;
				CLANG_WARN_OBJC_LITERAL_CONVERSION = YES;
				CLANG_WARN_OBJC_ROOT_CLASS = YES_ERROR;
				CLANG_WARN_QUOTED_INCLUDE_IN_FRAMEWORK_HEADER = YES;
				CLANG_WARN_RANGE_LOOP_ANALYSIS = YES;
				CLANG_WARN_STRICT_PROTOTYPES = YES;
				CLANG_WARN_SUSPICIOUS_MOVE = YES;
				CLANG_WARN_UNGUARDED_AVAILABILITY = YES_AGGRESSIVE;
				CLANG_WARN_UNREACHABLE_CODE = YES;
				CLANG_WARN__DUPLICATE_METHOD_MATCH = YES;
				COPY_PHASE_STRIP = NO;
				DEBUG_INFORMATION_FORMAT = dwarf;
				ENABLE_STRICT_OBJC_MSGSEND = YES;
				ENABLE_TESTABILITY = YES;
				GCC_C_LANGUAGE_STANDARD = gnu11;
				GCC_DYNAMIC_NO_PIC = NO;
				GCC_NO_COMMON_BLOCKS = YES;
				GCC_OPTIMIZATION_LEVEL = 0;
				GCC_PREPROCESSOR_DEFINITIONS = (
					"DEBUG=1",
					"$(inherited)",
				);
				GCC_WARN_64_TO_32_BIT_CONVERSION = YES;
				GCC_WARN_ABOUT_RETURN_TYPE = YES_ERROR;
				GCC_WARN_UNDECLARED_SELECTOR = YES;
				GCC_WARN_UNINITIALIZED_AUTOS = YES_AGGRESSIVE;
				GCC_WARN_UNUSED_FUNCTION = YES;
				GCC_WARN_UNUSED_VARIABLE = YES;
				IPHONEOS_DEPLOYMENT_TARGET = 13.1;
				MTL_ENABLE_DEBUG_INFO = INCLUDE_SOURCE;
				MTL_FAST_MATH = YES;
				ONLY_ACTIVE_ARCH = YES;
				SDKROOT = iphoneos;
				SWIFT_ACTIVE_COMPILATION_CONDITIONS = DEBUG;
				SWIFT_OPTIMIZATION_LEVEL = "-Onone";
			};
			name = Debug;
		};
		8341971A27DE8B8600EA284A /* Release */ = {
			isa = XCBuildConfiguration;
			buildSettings = {
				ALWAYS_SEARCH_USER_PATHS = NO;
				CLANG_ANALYZER_NONNULL = YES;
				CLANG_ANALYZER_NUMBER_OBJECT_CONVERSION = YES_AGGRESSIVE;
				CLANG_CXX_LANGUAGE_STANDARD = "gnu++17";
				CLANG_CXX_LIBRARY = "libc++";
				CLANG_ENABLE_MODULES = YES;
				CLANG_ENABLE_OBJC_ARC = YES;
				CLANG_ENABLE_OBJC_WEAK = YES;
				CLANG_WARN_BLOCK_CAPTURE_AUTORELEASING = YES;
				CLANG_WARN_BOOL_CONVERSION = YES;
				CLANG_WARN_COMMA = YES;
				CLANG_WARN_CONSTANT_CONVERSION = YES;
				CLANG_WARN_DEPRECATED_OBJC_IMPLEMENTATIONS = YES;
				CLANG_WARN_DIRECT_OBJC_ISA_USAGE = YES_ERROR;
				CLANG_WARN_DOCUMENTATION_COMMENTS = YES;
				CLANG_WARN_EMPTY_BODY = YES;
				CLANG_WARN_ENUM_CONVERSION = YES;
				CLANG_WARN_INFINITE_RECURSION = YES;
				CLANG_WARN_INT_CONVERSION = YES;
				CLANG_WARN_NON_LITERAL_NULL_CONVERSION = YES;
				CLANG_WARN_OBJC_IMPLICIT_RETAIN_SELF = YES;
				CLANG_WARN_OBJC_LITERAL_CONVERSION = YES;
				CLANG_WARN_OBJC_ROOT_CLASS = YES_ERROR;
				CLANG_WARN_QUOTED_INCLUDE_IN_FRAMEWORK_HEADER = YES;
				CLANG_WARN_RANGE_LOOP_ANALYSIS = YES;
				CLANG_WARN_STRICT_PROTOTYPES = YES;
				CLANG_WARN_SUSPICIOUS_MOVE = YES;
				CLANG_WARN_UNGUARDED_AVAILABILITY = YES_AGGRESSIVE;
				CLANG_WARN_UNREACHABLE_CODE = YES;
				CLANG_WARN__DUPLICATE_METHOD_MATCH = YES;
				COPY_PHASE_STRIP = NO;
				DEBUG_INFORMATION_FORMAT = "dwarf-with-dsym";
				ENABLE_NS_ASSERTIONS = NO;
				ENABLE_STRICT_OBJC_MSGSEND = YES;
				GCC_C_LANGUAGE_STANDARD = gnu11;
				GCC_NO_COMMON_BLOCKS = YES;
				GCC_WARN_64_TO_32_BIT_CONVERSION = YES;
				GCC_WARN_ABOUT_RETURN_TYPE = YES_ERROR;
				GCC_WARN_UNDECLARED_SELECTOR = YES;
				GCC_WARN_UNINITIALIZED_AUTOS = YES_AGGRESSIVE;
				GCC_WARN_UNUSED_FUNCTION = YES;
				GCC_WARN_UNUSED_VARIABLE = YES;
				IPHONEOS_DEPLOYMENT_TARGET = 13.1;
				MTL_ENABLE_DEBUG_INFO = NO;
				MTL_FAST_MATH = YES;
				SDKROOT = iphoneos;
				SWIFT_COMPILATION_MODE = wholemodule;
				SWIFT_OPTIMIZATION_LEVEL = "-O";
				VALIDATE_PRODUCT = YES;
			};
			name = Release;
		};
		8341971C27DE8B8600EA284A /* Debug */ = {
			isa = XCBuildConfiguration;
			buildSettings = {
				ASSETCATALOG_COMPILER_APPICON_NAME = AppIcon;
				ASSETCATALOG_COMPILER_GLOBAL_ACCENT_COLOR_NAME = AccentColor;
				CODE_SIGN_STYLE = Automatic;
				CURRENT_PROJECT_VERSION = 1;
				DEVELOPMENT_TEAM = 27FQ4THS6C;
				GENERATE_INFOPLIST_FILE = YES;
				INFOPLIST_FILE = Challonge/Info.plist;
				INFOPLIST_KEY_UIApplicationSupportsIndirectInputEvents = YES;
				INFOPLIST_KEY_UILaunchStoryboardName = LaunchScreen;
				INFOPLIST_KEY_UISupportedInterfaceOrientations_iPad = "UIInterfaceOrientationPortrait UIInterfaceOrientationPortraitUpsideDown UIInterfaceOrientationLandscapeLeft UIInterfaceOrientationLandscapeRight";
				INFOPLIST_KEY_UISupportedInterfaceOrientations_iPhone = "UIInterfaceOrientationPortrait UIInterfaceOrientationLandscapeLeft UIInterfaceOrientationLandscapeRight";
				LD_RUNPATH_SEARCH_PATHS = (
					"$(inherited)",
					"@executable_path/Frameworks",
				);
				MARKETING_VERSION = 1.0;
				PRODUCT_BUNDLE_IDENTIFIER = com.bug.boy.Challonge;
				PRODUCT_NAME = "$(TARGET_NAME)";
				SWIFT_EMIT_LOC_STRINGS = YES;
				SWIFT_VERSION = 5.0;
				TARGETED_DEVICE_FAMILY = "1,2";
			};
			name = Debug;
		};
		8341971D27DE8B8600EA284A /* Release */ = {
			isa = XCBuildConfiguration;
			buildSettings = {
				ASSETCATALOG_COMPILER_APPICON_NAME = AppIcon;
				ASSETCATALOG_COMPILER_GLOBAL_ACCENT_COLOR_NAME = AccentColor;
				CODE_SIGN_STYLE = Automatic;
				CURRENT_PROJECT_VERSION = 1;
				DEVELOPMENT_TEAM = 27FQ4THS6C;
				GENERATE_INFOPLIST_FILE = YES;
				INFOPLIST_FILE = Challonge/Info.plist;
				INFOPLIST_KEY_UIApplicationSupportsIndirectInputEvents = YES;
				INFOPLIST_KEY_UILaunchStoryboardName = LaunchScreen;
				INFOPLIST_KEY_UISupportedInterfaceOrientations_iPad = "UIInterfaceOrientationPortrait UIInterfaceOrientationPortraitUpsideDown UIInterfaceOrientationLandscapeLeft UIInterfaceOrientationLandscapeRight";
				INFOPLIST_KEY_UISupportedInterfaceOrientations_iPhone = "UIInterfaceOrientationPortrait UIInterfaceOrientationLandscapeLeft UIInterfaceOrientationLandscapeRight";
				LD_RUNPATH_SEARCH_PATHS = (
					"$(inherited)",
					"@executable_path/Frameworks",
				);
				MARKETING_VERSION = 1.0;
				PRODUCT_BUNDLE_IDENTIFIER = com.bug.boy.Challonge;
				PRODUCT_NAME = "$(TARGET_NAME)";
				SWIFT_EMIT_LOC_STRINGS = YES;
				SWIFT_VERSION = 5.0;
				TARGETED_DEVICE_FAMILY = "1,2";
			};
			name = Release;
		};
/* End XCBuildConfiguration section */

/* Begin XCConfigurationList section */
		8341970227DE8B8100EA284A /* Build configuration list for PBXProject "Challonge" */ = {
			isa = XCConfigurationList;
			buildConfigurations = (
				8341971927DE8B8600EA284A /* Debug */,
				8341971A27DE8B8600EA284A /* Release */,
			);
			defaultConfigurationIsVisible = 0;
			defaultConfigurationName = Release;
		};
		8341971B27DE8B8600EA284A /* Build configuration list for PBXNativeTarget "Challonge" */ = {
			isa = XCConfigurationList;
			buildConfigurations = (
				8341971C27DE8B8600EA284A /* Debug */,
				8341971D27DE8B8600EA284A /* Release */,
			);
			defaultConfigurationIsVisible = 0;
			defaultConfigurationName = Release;
		};
/* End XCConfigurationList section */

/* Begin XCRemoteSwiftPackageReference section */
		8389EFCF27DF101100BF24D8 /* XCRemoteSwiftPackageReference "SnapKit" */ = {
			isa = XCRemoteSwiftPackageReference;
			repositoryURL = "https://github.com/SnapKit/SnapKit";
			requirement = {
				branch = develop;
				kind = branch;
			};
		};
		8397FA7327E50A4100234E02 /* XCRemoteSwiftPackageReference "Reachability" */ = {
			isa = XCRemoteSwiftPackageReference;
			repositoryURL = "https://github.com/ashleymills/Reachability.swift";
			requirement = {
				branch = master;
				kind = branch;
			};
		};
/* End XCRemoteSwiftPackageReference section */

/* Begin XCSwiftPackageProductDependency section */
		8389EFD027DF101100BF24D8 /* SnapKit */ = {
			isa = XCSwiftPackageProductDependency;
			package = 8389EFCF27DF101100BF24D8 /* XCRemoteSwiftPackageReference "SnapKit" */;
			productName = SnapKit;
		};
		8397FA7427E50A4100234E02 /* Reachability */ = {
			isa = XCSwiftPackageProductDependency;
			package = 8397FA7327E50A4100234E02 /* XCRemoteSwiftPackageReference "Reachability" */;
			productName = Reachability;
		};
/* End XCSwiftPackageProductDependency section */
	};
	rootObject = 834196FF27DE8B8100EA284A /* Project object */;
}
